
Microsoft Visual Studio Solution File, Format Version 12.00
# Visual Studio 15
VisualStudioVersion = 15.0.28307.1321
MinimumVisualStudioVersion = 10.0.40219.1
Project("{8BC9CEB8-8B4A-11D0-8D11-00A0C91BC942}") = "Chapter4", "Chapter4\Chapter4.vcxproj", "{F712BB36-C3D1-4393-9400-8CA9F2BB5EAC}"
EndProject
Global
	GlobalSection(SolutionConfigurationPlatforms) = preSolution
		Debug|x64 = Debug|x64
		Debug|x86 = Debug|x86
		Release|x64 = Release|x64
		Release|x86 = Release|x86
	EndGlobalSection
	GlobalSection(ProjectConfigurationPlatforms) = postSolution
		{F712BB36-C3D1-4393-9400-8CA9F2BB5EAC}.Debug|x64.ActiveCfg = Debug|x64
		{F712BB36-C3D1-4393-9400-8CA9F2BB5EAC}.Debug|x64.Build.0 = Debug|x64
		{F712BB36-C3D1-4393-9400-8CA9F2BB5EAC}.Debug|x86.ActiveCfg = Debug|Win32
		{F712BB36-C3D1-4393-9400-8CA9F2BB5EAC}.Debug|x86.Build.0 = Debug|Win32
		{F712BB36-C3D1-4393-9400-8CA9F2BB5EAC}.Release|x64.ActiveCfg = Release|x64
		{F712BB36-C3D1-4393-9400-8CA9F2BB5EAC}.Release|x64.Build.0 = Release|x64
		{F712BB36-C3D1-4393-9400-8CA9F2BB5EAC}.Release|x86.ActiveCfg = Release|Win32
		{F712BB36-C3D1-4393-9400-8CA9F2BB5EAC}.Release|x86.Build.0 = Release|Win32
	EndGlobalSection
	GlobalSection(SolutionProperties) = preSolution
		HideSolutionNode = FALSE
	EndGlobalSection
	GlobalSection(ExtensibilityGlobals) = postSolution
		SolutionGuid = {6FF4B6DA-D34E-4ED8-845E-178C7B7E93E6}
	EndGlobalSection
EndGlobal
